// !$*UTF8*$!
{
	archiveVersion = 1;
	classes = {
	};
	objectVersion = 56;
	objects = {

/* Begin PBXBuildFile section */
		306437247CCF9BBE5CE4D1E0 /* libPods-PhotoListTests.a in Frameworks */ = {isa = PBXBuildFile; fileRef = 9D51EFB2F6DAAD003885B19C /* libPods-PhotoListTests.a */; };
		6598623529AC947200B5E594 /* AppDelegate.swift in Sources */ = {isa = PBXBuildFile; fileRef = 6598623429AC947200B5E594 /* AppDelegate.swift */; };
		6598623729AC947200B5E594 /* SceneDelegate.swift in Sources */ = {isa = PBXBuildFile; fileRef = 6598623629AC947200B5E594 /* SceneDelegate.swift */; };
		6598623929AC947200B5E594 /* PhotoListViewController.swift in Sources */ = {isa = PBXBuildFile; fileRef = 6598623829AC947200B5E594 /* PhotoListViewController.swift */; };
		6598623C29AC947200B5E594 /* Main.storyboard in Resources */ = {isa = PBXBuildFile; fileRef = 6598623A29AC947200B5E594 /* Main.storyboard */; };
		6598623E29AC947400B5E594 /* Assets.xcassets in Resources */ = {isa = PBXBuildFile; fileRef = 6598623D29AC947400B5E594 /* Assets.xcassets */; };
		6598624129AC947400B5E594 /* LaunchScreen.storyboard in Resources */ = {isa = PBXBuildFile; fileRef = 6598623F29AC947400B5E594 /* LaunchScreen.storyboard */; };
		6598624C29AC947400B5E594 /* PhotoModelSpec.swift in Sources */ = {isa = PBXBuildFile; fileRef = 6598624B29AC947400B5E594 /* PhotoModelSpec.swift */; };
		6598625629AC947400B5E594 /* PhotoListUITests.swift in Sources */ = {isa = PBXBuildFile; fileRef = 6598625529AC947400B5E594 /* PhotoListUITests.swift */; };
		6598627629ACA2ED00B5E594 /* PhotoListViewModel.swift in Sources */ = {isa = PBXBuildFile; fileRef = 6598627529ACA2ED00B5E594 /* PhotoListViewModel.swift */; };
		6598627829ACAE0D00B5E594 /* ConfigHelper.swift in Sources */ = {isa = PBXBuildFile; fileRef = 6598627729ACAE0D00B5E594 /* ConfigHelper.swift */; };
		6598627B29ACC08700B5E594 /* PhotoModel.swift in Sources */ = {isa = PBXBuildFile; fileRef = 6598627A29ACC08700B5E594 /* PhotoModel.swift */; };
		6598628029ACD54300B5E594 /* PhotoTableViewCell.swift in Sources */ = {isa = PBXBuildFile; fileRef = 6598627E29ACD54300B5E594 /* PhotoTableViewCell.swift */; };
		6598628129ACD54300B5E594 /* PhotoTableViewCell.xib in Resources */ = {isa = PBXBuildFile; fileRef = 6598627F29ACD54300B5E594 /* PhotoTableViewCell.xib */; };
		6598628B29ACEB2E00B5E594 /* RestClient.swift in Sources */ = {isa = PBXBuildFile; fileRef = 6598628A29ACEB2E00B5E594 /* RestClient.swift */; };
		65DD8B4029AF376200453418 /* PhotoListViewModelSpec.swift in Sources */ = {isa = PBXBuildFile; fileRef = 65DD8B3F29AF376200453418 /* PhotoListViewModelSpec.swift */; };
		65DD8B6229AF439E00453418 /* wiremock-jre8-standalone-2.33.2.jar in Frameworks */ = {isa = PBXBuildFile; fileRef = 65DD8B4529AF439E00453418 /* wiremock-jre8-standalone-2.33.2.jar */; };
		65DD8B6429AF439E00453418 /* photos.json in Resources */ = {isa = PBXBuildFile; fileRef = 65DD8B4829AF439E00453418 /* photos.json */; };
		65F24CAE29ADD28700E4257F /* placeholder.png in Resources */ = {isa = PBXBuildFile; fileRef = 65F24CAD29ADD28700E4257F /* placeholder.png */; };
		65F24CB029ADF3FA00E4257F /* PhotoListTableCellViewModel.swift in Sources */ = {isa = PBXBuildFile; fileRef = 65F24CAF29ADF3FA00E4257F /* PhotoListTableCellViewModel.swift */; };
		65F24CB229ADF83600E4257F /* Observable.swift in Sources */ = {isa = PBXBuildFile; fileRef = 65F24CB129ADF83600E4257F /* Observable.swift */; };
		65F24CB429ADFF9600E4257F /* DetailsViewController.swift in Sources */ = {isa = PBXBuildFile; fileRef = 65F24CB329ADFF9600E4257F /* DetailsViewController.swift */; };
		65F24CB629ADFFE200E4257F /* DetailsViewModel.swift in Sources */ = {isa = PBXBuildFile; fileRef = 65F24CB529ADFFE100E4257F /* DetailsViewModel.swift */; };
		65F24CB829AE023700E4257F /* DetailsViewController.xib in Resources */ = {isa = PBXBuildFile; fileRef = 65F24CB729AE023700E4257F /* DetailsViewController.xib */; };
		65F24CBF29AE324D00E4257F /* DetailsViewControllerSpec.swift in Sources */ = {isa = PBXBuildFile; fileRef = 65F24CBE29AE324D00E4257F /* DetailsViewControllerSpec.swift */; };
		65F24CC129AE410E00E4257F /* Injection.swift in Sources */ = {isa = PBXBuildFile; fileRef = 65F24CC029AE410E00E4257F /* Injection.swift */; };
		65F24CC329AE594B00E4257F /* PhotoListViewControllerSpec.swift in Sources */ = {isa = PBXBuildFile; fileRef = 65F24CC229AE594B00E4257F /* PhotoListViewControllerSpec.swift */; };
		65F24CC529AECE0A00E4257F /* DetailsViewModelSpec.swift in Sources */ = {isa = PBXBuildFile; fileRef = 65F24CC429AECE0A00E4257F /* DetailsViewModelSpec.swift */; };
		65F24CC729AED39D00E4257F /* PhotoListTableCellViewModelSpec.swift in Sources */ = {isa = PBXBuildFile; fileRef = 65F24CC629AED39D00E4257F /* PhotoListTableCellViewModelSpec.swift */; };
		E6FE635D6AF2AFE9BE4C73C5 /* libPods-PhotoList.a in Frameworks */ = {isa = PBXBuildFile; fileRef = 87A04ADA93D461783C1E3997 /* libPods-PhotoList.a */; };
		FF8B957752B8569F06FDFA33 /* libPods-PhotoList-PhotoListUITests.a in Frameworks */ = {isa = PBXBuildFile; fileRef = B468E7CCE714216A04FA35D5 /* libPods-PhotoList-PhotoListUITests.a */; };
/* End PBXBuildFile section */

/* Begin PBXContainerItemProxy section */
		6598624829AC947400B5E594 /* PBXContainerItemProxy */ = {
			isa = PBXContainerItemProxy;
			containerPortal = 6598622929AC947200B5E594 /* Project object */;
			proxyType = 1;
			remoteGlobalIDString = 6598623029AC947200B5E594;
			remoteInfo = PhotoList;
		};
		6598625229AC947400B5E594 /* PBXContainerItemProxy */ = {
			isa = PBXContainerItemProxy;
			containerPortal = 6598622929AC947200B5E594 /* Project object */;
			proxyType = 1;
			remoteGlobalIDString = 6598623029AC947200B5E594;
			remoteInfo = PhotoList;
		};
/* End PBXContainerItemProxy section */

/* Begin PBXFileReference section */
		0FC234AFC4ECF554A0492754 /* Pods-PhotoListTests.debug(local).xcconfig */ = {isa = PBXFileReference; includeInIndex = 1; lastKnownFileType = text.xcconfig; name = "Pods-PhotoListTests.debug(local).xcconfig"; path = "Target Support Files/Pods-PhotoListTests/Pods-PhotoListTests.debug(local).xcconfig"; sourceTree = "<group>"; };
		13423B14D4D52BBE1A98F2B1 /* Pods-PhotoListTests.release(local).xcconfig */ = {isa = PBXFileReference; includeInIndex = 1; lastKnownFileType = text.xcconfig; name = "Pods-PhotoListTests.release(local).xcconfig"; path = "Target Support Files/Pods-PhotoListTests/Pods-PhotoListTests.release(local).xcconfig"; sourceTree = "<group>"; };
		2A632C9385B3333D78437FBE /* Pods-PhotoList-PhotoListUITests.debug(prod).xcconfig */ = {isa = PBXFileReference; includeInIndex = 1; lastKnownFileType = text.xcconfig; name = "Pods-PhotoList-PhotoListUITests.debug(prod).xcconfig"; path = "Target Support Files/Pods-PhotoList-PhotoListUITests/Pods-PhotoList-PhotoListUITests.debug(prod).xcconfig"; sourceTree = "<group>"; };
		622653AC631C4CAE810A9BF5 /* Pods-PhotoList.debug(local).xcconfig */ = {isa = PBXFileReference; includeInIndex = 1; lastKnownFileType = text.xcconfig; name = "Pods-PhotoList.debug(local).xcconfig"; path = "Target Support Files/Pods-PhotoList/Pods-PhotoList.debug(local).xcconfig"; sourceTree = "<group>"; };
		6598623129AC947200B5E594 /* PhotoList.app */ = {isa = PBXFileReference; explicitFileType = wrapper.application; includeInIndex = 0; path = PhotoList.app; sourceTree = BUILT_PRODUCTS_DIR; };
		6598623429AC947200B5E594 /* AppDelegate.swift */ = {isa = PBXFileReference; lastKnownFileType = sourcecode.swift; path = AppDelegate.swift; sourceTree = "<group>"; };
		6598623629AC947200B5E594 /* SceneDelegate.swift */ = {isa = PBXFileReference; lastKnownFileType = sourcecode.swift; path = SceneDelegate.swift; sourceTree = "<group>"; };
		6598623829AC947200B5E594 /* PhotoListViewController.swift */ = {isa = PBXFileReference; lastKnownFileType = sourcecode.swift; path = PhotoListViewController.swift; sourceTree = "<group>"; };
		6598623B29AC947200B5E594 /* Base */ = {isa = PBXFileReference; lastKnownFileType = file.storyboard; name = Base; path = Base.lproj/Main.storyboard; sourceTree = "<group>"; };
		6598623D29AC947400B5E594 /* Assets.xcassets */ = {isa = PBXFileReference; lastKnownFileType = folder.assetcatalog; path = Assets.xcassets; sourceTree = "<group>"; };
		6598624029AC947400B5E594 /* Base */ = {isa = PBXFileReference; lastKnownFileType = file.storyboard; name = Base; path = Base.lproj/LaunchScreen.storyboard; sourceTree = "<group>"; };
		6598624229AC947400B5E594 /* Info.plist */ = {isa = PBXFileReference; lastKnownFileType = text.plist.xml; path = Info.plist; sourceTree = "<group>"; };
		6598624729AC947400B5E594 /* PhotoListTests.xctest */ = {isa = PBXFileReference; explicitFileType = wrapper.cfbundle; includeInIndex = 0; path = PhotoListTests.xctest; sourceTree = BUILT_PRODUCTS_DIR; };
		6598624B29AC947400B5E594 /* PhotoModelSpec.swift */ = {isa = PBXFileReference; lastKnownFileType = sourcecode.swift; path = PhotoModelSpec.swift; sourceTree = "<group>"; };
		6598625129AC947400B5E594 /* PhotoListUITests.xctest */ = {isa = PBXFileReference; explicitFileType = wrapper.cfbundle; includeInIndex = 0; path = PhotoListUITests.xctest; sourceTree = BUILT_PRODUCTS_DIR; };
		6598625529AC947400B5E594 /* PhotoListUITests.swift */ = {isa = PBXFileReference; lastKnownFileType = sourcecode.swift; path = PhotoListUITests.swift; sourceTree = "<group>"; };
		6598627529ACA2ED00B5E594 /* PhotoListViewModel.swift */ = {isa = PBXFileReference; lastKnownFileType = sourcecode.swift; path = PhotoListViewModel.swift; sourceTree = "<group>"; };
		6598627729ACAE0D00B5E594 /* ConfigHelper.swift */ = {isa = PBXFileReference; fileEncoding = 4; lastKnownFileType = sourcecode.swift; path = ConfigHelper.swift; sourceTree = "<group>"; };
		6598627929ACBAEB00B5E594 /* Prod.xcconfig */ = {isa = PBXFileReference; lastKnownFileType = text.xcconfig; path = Prod.xcconfig; sourceTree = "<group>"; };
		6598627A29ACC08700B5E594 /* PhotoModel.swift */ = {isa = PBXFileReference; lastKnownFileType = sourcecode.swift; path = PhotoModel.swift; sourceTree = "<group>"; };
		6598627C29ACCB0700B5E594 /* Local.xcconfig */ = {isa = PBXFileReference; fileEncoding = 4; lastKnownFileType = text.xcconfig; path = Local.xcconfig; sourceTree = "<group>"; };
		6598627E29ACD54300B5E594 /* PhotoTableViewCell.swift */ = {isa = PBXFileReference; lastKnownFileType = sourcecode.swift; path = PhotoTableViewCell.swift; sourceTree = "<group>"; };
		6598627F29ACD54300B5E594 /* PhotoTableViewCell.xib */ = {isa = PBXFileReference; lastKnownFileType = file.xib; path = PhotoTableViewCell.xib; sourceTree = "<group>"; };
		6598628A29ACEB2E00B5E594 /* RestClient.swift */ = {isa = PBXFileReference; lastKnownFileType = sourcecode.swift; path = RestClient.swift; sourceTree = "<group>"; };
		65DD8B3F29AF376200453418 /* PhotoListViewModelSpec.swift */ = {isa = PBXFileReference; lastKnownFileType = sourcecode.swift; path = PhotoListViewModelSpec.swift; sourceTree = "<group>"; };
		65DD8B4529AF439E00453418 /* wiremock-jre8-standalone-2.33.2.jar */ = {isa = PBXFileReference; lastKnownFileType = archive.jar; path = "wiremock-jre8-standalone-2.33.2.jar"; sourceTree = "<group>"; };
		65DD8B4829AF439E00453418 /* photos.json */ = {isa = PBXFileReference; fileEncoding = 4; lastKnownFileType = text.json; path = photos.json; sourceTree = "<group>"; };
		65F24CAD29ADD28700E4257F /* placeholder.png */ = {isa = PBXFileReference; lastKnownFileType = image.png; path = placeholder.png; sourceTree = "<group>"; };
		65F24CAF29ADF3FA00E4257F /* PhotoListTableCellViewModel.swift */ = {isa = PBXFileReference; fileEncoding = 4; lastKnownFileType = sourcecode.swift; path = PhotoListTableCellViewModel.swift; sourceTree = "<group>"; };
		65F24CB129ADF83600E4257F /* Observable.swift */ = {isa = PBXFileReference; fileEncoding = 4; lastKnownFileType = sourcecode.swift; path = Observable.swift; sourceTree = "<group>"; };
		65F24CB329ADFF9600E4257F /* DetailsViewController.swift */ = {isa = PBXFileReference; lastKnownFileType = sourcecode.swift; path = DetailsViewController.swift; sourceTree = "<group>"; };
		65F24CB529ADFFE100E4257F /* DetailsViewModel.swift */ = {isa = PBXFileReference; fileEncoding = 4; lastKnownFileType = sourcecode.swift; path = DetailsViewModel.swift; sourceTree = "<group>"; };
		65F24CB729AE023700E4257F /* DetailsViewController.xib */ = {isa = PBXFileReference; fileEncoding = 4; lastKnownFileType = file.xib; path = DetailsViewController.xib; sourceTree = "<group>"; };
		65F24CBE29AE324D00E4257F /* DetailsViewControllerSpec.swift */ = {isa = PBXFileReference; lastKnownFileType = sourcecode.swift; path = DetailsViewControllerSpec.swift; sourceTree = "<group>"; };
		65F24CC029AE410E00E4257F /* Injection.swift */ = {isa = PBXFileReference; lastKnownFileType = sourcecode.swift; path = Injection.swift; sourceTree = "<group>"; };
		65F24CC229AE594B00E4257F /* PhotoListViewControllerSpec.swift */ = {isa = PBXFileReference; lastKnownFileType = sourcecode.swift; path = PhotoListViewControllerSpec.swift; sourceTree = "<group>"; };
		65F24CC429AECE0A00E4257F /* DetailsViewModelSpec.swift */ = {isa = PBXFileReference; lastKnownFileType = sourcecode.swift; path = DetailsViewModelSpec.swift; sourceTree = "<group>"; };
		65F24CC629AED39D00E4257F /* PhotoListTableCellViewModelSpec.swift */ = {isa = PBXFileReference; lastKnownFileType = sourcecode.swift; path = PhotoListTableCellViewModelSpec.swift; sourceTree = "<group>"; };
		6FF05AA8E8415E6F1FB06473 /* Pods-PhotoList-PhotoListUITests.release(prod).xcconfig */ = {isa = PBXFileReference; includeInIndex = 1; lastKnownFileType = text.xcconfig; name = "Pods-PhotoList-PhotoListUITests.release(prod).xcconfig"; path = "Target Support Files/Pods-PhotoList-PhotoListUITests/Pods-PhotoList-PhotoListUITests.release(prod).xcconfig"; sourceTree = "<group>"; };
		87A04ADA93D461783C1E3997 /* libPods-PhotoList.a */ = {isa = PBXFileReference; explicitFileType = archive.ar; includeInIndex = 0; path = "libPods-PhotoList.a"; sourceTree = BUILT_PRODUCTS_DIR; };
		8D2512112D8740A2883E5BDB /* Pods-PhotoList.debug(prod).xcconfig */ = {isa = PBXFileReference; includeInIndex = 1; lastKnownFileType = text.xcconfig; name = "Pods-PhotoList.debug(prod).xcconfig"; path = "Target Support Files/Pods-PhotoList/Pods-PhotoList.debug(prod).xcconfig"; sourceTree = "<group>"; };
		93951D435E14C93F3F3567E2 /* Pods-PhotoList.release(local).xcconfig */ = {isa = PBXFileReference; includeInIndex = 1; lastKnownFileType = text.xcconfig; name = "Pods-PhotoList.release(local).xcconfig"; path = "Target Support Files/Pods-PhotoList/Pods-PhotoList.release(local).xcconfig"; sourceTree = "<group>"; };
		9D51EFB2F6DAAD003885B19C /* libPods-PhotoListTests.a */ = {isa = PBXFileReference; explicitFileType = archive.ar; includeInIndex = 0; path = "libPods-PhotoListTests.a"; sourceTree = BUILT_PRODUCTS_DIR; };
		AC390D1340AAF282FA0324D4 /* Pods-PhotoListTests.release(prod).xcconfig */ = {isa = PBXFileReference; includeInIndex = 1; lastKnownFileType = text.xcconfig; name = "Pods-PhotoListTests.release(prod).xcconfig"; path = "Target Support Files/Pods-PhotoListTests/Pods-PhotoListTests.release(prod).xcconfig"; sourceTree = "<group>"; };
		B468E7CCE714216A04FA35D5 /* libPods-PhotoList-PhotoListUITests.a */ = {isa = PBXFileReference; explicitFileType = archive.ar; includeInIndex = 0; path = "libPods-PhotoList-PhotoListUITests.a"; sourceTree = BUILT_PRODUCTS_DIR; };
		D8B2CC793EAE7AE33F4B803B /* Pods-PhotoList-PhotoListUITests.release(local).xcconfig */ = {isa = PBXFileReference; includeInIndex = 1; lastKnownFileType = text.xcconfig; name = "Pods-PhotoList-PhotoListUITests.release(local).xcconfig"; path = "Target Support Files/Pods-PhotoList-PhotoListUITests/Pods-PhotoList-PhotoListUITests.release(local).xcconfig"; sourceTree = "<group>"; };
		E8E81579D7C96DD23953AE0A /* Pods-PhotoList.release(prod).xcconfig */ = {isa = PBXFileReference; includeInIndex = 1; lastKnownFileType = text.xcconfig; name = "Pods-PhotoList.release(prod).xcconfig"; path = "Target Support Files/Pods-PhotoList/Pods-PhotoList.release(prod).xcconfig"; sourceTree = "<group>"; };
		E98D2FA8BDBCACB5416578AB /* Pods-PhotoList-PhotoListUITests.debug(local).xcconfig */ = {isa = PBXFileReference; includeInIndex = 1; lastKnownFileType = text.xcconfig; name = "Pods-PhotoList-PhotoListUITests.debug(local).xcconfig"; path = "Target Support Files/Pods-PhotoList-PhotoListUITests/Pods-PhotoList-PhotoListUITests.debug(local).xcconfig"; sourceTree = "<group>"; };
		F2C04FA301F4978AFB2313AA /* Pods-PhotoListTests.debug(prod).xcconfig */ = {isa = PBXFileReference; includeInIndex = 1; lastKnownFileType = text.xcconfig; name = "Pods-PhotoListTests.debug(prod).xcconfig"; path = "Target Support Files/Pods-PhotoListTests/Pods-PhotoListTests.debug(prod).xcconfig"; sourceTree = "<group>"; };
/* End PBXFileReference section */

/* Begin PBXFrameworksBuildPhase section */
		6598622E29AC947200B5E594 /* Frameworks */ = {
			isa = PBXFrameworksBuildPhase;
			buildActionMask = 2147483647;
			files = (
				E6FE635D6AF2AFE9BE4C73C5 /* libPods-PhotoList.a in Frameworks */,
			);
			runOnlyForDeploymentPostprocessing = 0;
		};
		6598624429AC947400B5E594 /* Frameworks */ = {
			isa = PBXFrameworksBuildPhase;
			buildActionMask = 2147483647;
			files = (
				306437247CCF9BBE5CE4D1E0 /* libPods-PhotoListTests.a in Frameworks */,
			);
			runOnlyForDeploymentPostprocessing = 0;
		};
		6598624E29AC947400B5E594 /* Frameworks */ = {
			isa = PBXFrameworksBuildPhase;
			buildActionMask = 2147483647;
			files = (
				65DD8B6229AF439E00453418 /* wiremock-jre8-standalone-2.33.2.jar in Frameworks */,
				FF8B957752B8569F06FDFA33 /* libPods-PhotoList-PhotoListUITests.a in Frameworks */,
			);
			runOnlyForDeploymentPostprocessing = 0;
		};
/* End PBXFrameworksBuildPhase section */

/* Begin PBXGroup section */
		4C10C4B12668938034B5F266 /* Frameworks */ = {
			isa = PBXGroup;
			children = (
				87A04ADA93D461783C1E3997 /* libPods-PhotoList.a */,
				B468E7CCE714216A04FA35D5 /* libPods-PhotoList-PhotoListUITests.a */,
				9D51EFB2F6DAAD003885B19C /* libPods-PhotoListTests.a */,
			);
			name = Frameworks;
			sourceTree = "<group>";
		};
		6598622829AC947200B5E594 = {
			isa = PBXGroup;
			children = (
				6598623329AC947200B5E594 /* PhotoList */,
				6598624A29AC947400B5E594 /* PhotoListTests */,
				6598625429AC947400B5E594 /* PhotoListUITests */,
				6598623229AC947200B5E594 /* Products */,
				713484774593D2B1F94522FA /* Pods */,
				4C10C4B12668938034B5F266 /* Frameworks */,
			);
			sourceTree = "<group>";
		};
		6598623229AC947200B5E594 /* Products */ = {
			isa = PBXGroup;
			children = (
				6598623129AC947200B5E594 /* PhotoList.app */,
				6598624729AC947400B5E594 /* PhotoListTests.xctest */,
				6598625129AC947400B5E594 /* PhotoListUITests.xctest */,
			);
			name = Products;
			sourceTree = "<group>";
		};
		6598623329AC947200B5E594 /* PhotoList */ = {
			isa = PBXGroup;
			children = (
				6598623429AC947200B5E594 /* AppDelegate.swift */,
				6598623629AC947200B5E594 /* SceneDelegate.swift */,
				6598627229ACA26600B5E594 /* DI Container */,
				65F24CBB29AE1B1300E4257F /* Helpers */,
				65F24CBA29AE1AFF00E4257F /* Controllers */,
				65F24CB929AE1AE700E4257F /* ViewModels */,
				65F24CBC29AE1B3200E4257F /* Cells */,
				65F24CBD29AE1B4A00E4257F /* Model */,
				6598627929ACBAEB00B5E594 /* Prod.xcconfig */,
				6598627C29ACCB0700B5E594 /* Local.xcconfig */,
				6598623A29AC947200B5E594 /* Main.storyboard */,
				65F24CAD29ADD28700E4257F /* placeholder.png */,
				6598623D29AC947400B5E594 /* Assets.xcassets */,
				6598623F29AC947400B5E594 /* LaunchScreen.storyboard */,
				6598624229AC947400B5E594 /* Info.plist */,
			);
			path = PhotoList;
			sourceTree = "<group>";
		};
		6598624A29AC947400B5E594 /* PhotoListTests */ = {
			isa = PBXGroup;
			children = (
				6598624B29AC947400B5E594 /* PhotoModelSpec.swift */,
				65F24CC829AED57E00E4257F /* Controller */,
				65F24CC929AED58A00E4257F /* ViewModel */,
			);
			path = PhotoListTests;
			sourceTree = "<group>";
		};
		6598625429AC947400B5E594 /* PhotoListUITests */ = {
			isa = PBXGroup;
			children = (
				6598625529AC947400B5E594 /* PhotoListUITests.swift */,
				65DD8B4229AF439E00453418 /* StubServer */,
			);
			path = PhotoListUITests;
			sourceTree = "<group>";
		};
		6598627229ACA26600B5E594 /* DI Container */ = {
			isa = PBXGroup;
			children = (
				65F24CC029AE410E00E4257F /* Injection.swift */,
			);
			path = "DI Container";
			sourceTree = "<group>";
		};
		65DD8B4229AF439E00453418 /* StubServer */ = {
			isa = PBXGroup;
			children = (
				65DD8B4329AF439E00453418 /* __files */,
				65DD8B4529AF439E00453418 /* wiremock-jre8-standalone-2.33.2.jar */,
				65DD8B4629AF439E00453418 /* mappings */,
			);
			path = StubServer;
			sourceTree = "<group>";
		};
		65DD8B4329AF439E00453418 /* __files */ = {
			isa = PBXGroup;
			children = (
			);
			path = __files;
			sourceTree = "<group>";
		};
		65DD8B4629AF439E00453418 /* mappings */ = {
			isa = PBXGroup;
			children = (
				65DD8B4829AF439E00453418 /* photos.json */,
			);
			path = mappings;
			sourceTree = "<group>";
		};
		65F24CB929AE1AE700E4257F /* ViewModels */ = {
			isa = PBXGroup;
			children = (
				65F24CB529ADFFE100E4257F /* DetailsViewModel.swift */,
				6598627529ACA2ED00B5E594 /* PhotoListViewModel.swift */,
				65F24CAF29ADF3FA00E4257F /* PhotoListTableCellViewModel.swift */,
			);
			path = ViewModels;
			sourceTree = "<group>";
		};
		65F24CBA29AE1AFF00E4257F /* Controllers */ = {
			isa = PBXGroup;
			children = (
				6598623829AC947200B5E594 /* PhotoListViewController.swift */,
				65F24CB329ADFF9600E4257F /* DetailsViewController.swift */,
				65F24CB729AE023700E4257F /* DetailsViewController.xib */,
			);
			path = Controllers;
			sourceTree = "<group>";
		};
		65F24CBB29AE1B1300E4257F /* Helpers */ = {
			isa = PBXGroup;
			children = (
				65F24CB129ADF83600E4257F /* Observable.swift */,
				6598628A29ACEB2E00B5E594 /* RestClient.swift */,
				6598627729ACAE0D00B5E594 /* ConfigHelper.swift */,
			);
			path = Helpers;
			sourceTree = "<group>";
		};
		65F24CBC29AE1B3200E4257F /* Cells */ = {
			isa = PBXGroup;
			children = (
				6598627E29ACD54300B5E594 /* PhotoTableViewCell.swift */,
				6598627F29ACD54300B5E594 /* PhotoTableViewCell.xib */,
			);
			path = Cells;
			sourceTree = "<group>";
		};
		65F24CBD29AE1B4A00E4257F /* Model */ = {
			isa = PBXGroup;
			children = (
				6598627A29ACC08700B5E594 /* PhotoModel.swift */,
			);
			path = Model;
			sourceTree = "<group>";
		};
		65F24CC829AED57E00E4257F /* Controller */ = {
			isa = PBXGroup;
			children = (
				65F24CC229AE594B00E4257F /* PhotoListViewControllerSpec.swift */,
				65F24CBE29AE324D00E4257F /* DetailsViewControllerSpec.swift */,
			);
			path = Controller;
			sourceTree = "<group>";
		};
		65F24CC929AED58A00E4257F /* ViewModel */ = {
			isa = PBXGroup;
			children = (
				65F24CC429AECE0A00E4257F /* DetailsViewModelSpec.swift */,
				65DD8B3F29AF376200453418 /* PhotoListViewModelSpec.swift */,
				65F24CC629AED39D00E4257F /* PhotoListTableCellViewModelSpec.swift */,
			);
			path = ViewModel;
			sourceTree = "<group>";
		};
		713484774593D2B1F94522FA /* Pods */ = {
			isa = PBXGroup;
			children = (
				8D2512112D8740A2883E5BDB /* Pods-PhotoList.debug(prod).xcconfig */,
				622653AC631C4CAE810A9BF5 /* Pods-PhotoList.debug(local).xcconfig */,
				E8E81579D7C96DD23953AE0A /* Pods-PhotoList.release(prod).xcconfig */,
				93951D435E14C93F3F3567E2 /* Pods-PhotoList.release(local).xcconfig */,
				2A632C9385B3333D78437FBE /* Pods-PhotoList-PhotoListUITests.debug(prod).xcconfig */,
				E98D2FA8BDBCACB5416578AB /* Pods-PhotoList-PhotoListUITests.debug(local).xcconfig */,
				6FF05AA8E8415E6F1FB06473 /* Pods-PhotoList-PhotoListUITests.release(prod).xcconfig */,
				D8B2CC793EAE7AE33F4B803B /* Pods-PhotoList-PhotoListUITests.release(local).xcconfig */,
				F2C04FA301F4978AFB2313AA /* Pods-PhotoListTests.debug(prod).xcconfig */,
				0FC234AFC4ECF554A0492754 /* Pods-PhotoListTests.debug(local).xcconfig */,
				AC390D1340AAF282FA0324D4 /* Pods-PhotoListTests.release(prod).xcconfig */,
				13423B14D4D52BBE1A98F2B1 /* Pods-PhotoListTests.release(local).xcconfig */,
			);
			path = Pods;
			sourceTree = "<group>";
		};
/* End PBXGroup section */

/* Begin PBXNativeTarget section */
		6598623029AC947200B5E594 /* PhotoList */ = {
			isa = PBXNativeTarget;
			buildConfigurationList = 6598625B29AC947400B5E594 /* Build configuration list for PBXNativeTarget "PhotoList" */;
			buildPhases = (
				41F792A7BE2F8B298905E7CA /* [CP] Check Pods Manifest.lock */,
				6598622D29AC947200B5E594 /* Sources */,
				6598622E29AC947200B5E594 /* Frameworks */,
				6598622F29AC947200B5E594 /* Resources */,
			);
			buildRules = (
			);
			dependencies = (
			);
			name = PhotoList;
			productName = PhotoList;
			productReference = 6598623129AC947200B5E594 /* PhotoList.app */;
			productType = "com.apple.product-type.application";
		};
		6598624629AC947400B5E594 /* PhotoListTests */ = {
			isa = PBXNativeTarget;
			buildConfigurationList = 6598625E29AC947400B5E594 /* Build configuration list for PBXNativeTarget "PhotoListTests" */;
			buildPhases = (
				9499779B4707032350F54486 /* [CP] Check Pods Manifest.lock */,
				6598624329AC947400B5E594 /* Sources */,
				6598624429AC947400B5E594 /* Frameworks */,
				6598624529AC947400B5E594 /* Resources */,
			);
			buildRules = (
			);
			dependencies = (
				6598624929AC947400B5E594 /* PBXTargetDependency */,
			);
			name = PhotoListTests;
			productName = PhotoListTests;
			productReference = 6598624729AC947400B5E594 /* PhotoListTests.xctest */;
			productType = "com.apple.product-type.bundle.unit-test";
		};
		6598625029AC947400B5E594 /* PhotoListUITests */ = {
			isa = PBXNativeTarget;
			buildConfigurationList = 6598626129AC947400B5E594 /* Build configuration list for PBXNativeTarget "PhotoListUITests" */;
			buildPhases = (
				648D995174F688B44A264FAA /* [CP] Check Pods Manifest.lock */,
				6598624D29AC947400B5E594 /* Sources */,
				6598624E29AC947400B5E594 /* Frameworks */,
				6598624F29AC947400B5E594 /* Resources */,
				65DD8B4129AF3F7F00453418 /* Start Wiremock */,
			);
			buildRules = (
			);
			dependencies = (
				6598625329AC947400B5E594 /* PBXTargetDependency */,
			);
			name = PhotoListUITests;
			productName = PhotoListUITests;
			productReference = 6598625129AC947400B5E594 /* PhotoListUITests.xctest */;
			productType = "com.apple.product-type.bundle.ui-testing";
		};
/* End PBXNativeTarget section */

/* Begin PBXProject section */
		6598622929AC947200B5E594 /* Project object */ = {
			isa = PBXProject;
			attributes = {
				BuildIndependentTargetsInParallel = NO;
				LastSwiftUpdateCheck = 1420;
				LastUpgradeCheck = 1420;
				TargetAttributes = {
					6598623029AC947200B5E594 = {
						CreatedOnToolsVersion = 14.2;
					};
					6598624629AC947400B5E594 = {
						CreatedOnToolsVersion = 14.2;
						TestTargetID = 6598623029AC947200B5E594;
					};
					6598625029AC947400B5E594 = {
						CreatedOnToolsVersion = 14.2;
						TestTargetID = 6598623029AC947200B5E594;
					};
				};
			};
			buildConfigurationList = 6598622C29AC947200B5E594 /* Build configuration list for PBXProject "PhotoList" */;
			compatibilityVersion = "Xcode 14.0";
			developmentRegion = en;
			hasScannedForEncodings = 0;
			knownRegions = (
				en,
				Base,
			);
			mainGroup = 6598622829AC947200B5E594;
			productRefGroup = 6598623229AC947200B5E594 /* Products */;
			projectDirPath = "";
			projectRoot = "";
			targets = (
				6598623029AC947200B5E594 /* PhotoList */,
				6598624629AC947400B5E594 /* PhotoListTests */,
				6598625029AC947400B5E594 /* PhotoListUITests */,
			);
		};
/* End PBXProject section */

/* Begin PBXResourcesBuildPhase section */
		6598622F29AC947200B5E594 /* Resources */ = {
			isa = PBXResourcesBuildPhase;
			buildActionMask = 2147483647;
			files = (
				6598624129AC947400B5E594 /* LaunchScreen.storyboard in Resources */,
				6598628129ACD54300B5E594 /* PhotoTableViewCell.xib in Resources */,
				6598623E29AC947400B5E594 /* Assets.xcassets in Resources */,
				65F24CAE29ADD28700E4257F /* placeholder.png in Resources */,
				65F24CB829AE023700E4257F /* DetailsViewController.xib in Resources */,
				6598623C29AC947200B5E594 /* Main.storyboard in Resources */,
			);
			runOnlyForDeploymentPostprocessing = 0;
		};
		6598624529AC947400B5E594 /* Resources */ = {
			isa = PBXResourcesBuildPhase;
			buildActionMask = 2147483647;
			files = (
			);
			runOnlyForDeploymentPostprocessing = 0;
		};
		6598624F29AC947400B5E594 /* Resources */ = {
			isa = PBXResourcesBuildPhase;
			buildActionMask = 2147483647;
			files = (
				65DD8B6429AF439E00453418 /* photos.json in Resources */,
			);
			runOnlyForDeploymentPostprocessing = 0;
		};
/* End PBXResourcesBuildPhase section */

/* Begin PBXShellScriptBuildPhase section */
		41F792A7BE2F8B298905E7CA /* [CP] Check Pods Manifest.lock */ = {
			isa = PBXShellScriptBuildPhase;
			buildActionMask = 2147483647;
			files = (
			);
			inputFileListPaths = (
			);
			inputPaths = (
				"${PODS_PODFILE_DIR_PATH}/Podfile.lock",
				"${PODS_ROOT}/Manifest.lock",
			);
			name = "[CP] Check Pods Manifest.lock";
			outputFileListPaths = (
			);
			outputPaths = (
				"$(DERIVED_FILE_DIR)/Pods-PhotoList-checkManifestLockResult.txt",
			);
			runOnlyForDeploymentPostprocessing = 0;
			shellPath = /bin/sh;
			shellScript = "diff \"${PODS_PODFILE_DIR_PATH}/Podfile.lock\" \"${PODS_ROOT}/Manifest.lock\" > /dev/null\nif [ $? != 0 ] ; then\n    # print error to STDERR\n    echo \"error: The sandbox is not in sync with the Podfile.lock. Run 'pod install' or update your CocoaPods installation.\" >&2\n    exit 1\nfi\n# This output is used by Xcode 'outputs' to avoid re-running this script phase.\necho \"SUCCESS\" > \"${SCRIPT_OUTPUT_FILE_0}\"\n";
			showEnvVarsInLog = 0;
		};
		648D995174F688B44A264FAA /* [CP] Check Pods Manifest.lock */ = {
			isa = PBXShellScriptBuildPhase;
			buildActionMask = 2147483647;
			files = (
			);
			inputFileListPaths = (
			);
			inputPaths = (
				"${PODS_PODFILE_DIR_PATH}/Podfile.lock",
				"${PODS_ROOT}/Manifest.lock",
			);
			name = "[CP] Check Pods Manifest.lock";
			outputFileListPaths = (
			);
			outputPaths = (
				"$(DERIVED_FILE_DIR)/Pods-PhotoList-PhotoListUITests-checkManifestLockResult.txt",
			);
			runOnlyForDeploymentPostprocessing = 0;
			shellPath = /bin/sh;
			shellScript = "diff \"${PODS_PODFILE_DIR_PATH}/Podfile.lock\" \"${PODS_ROOT}/Manifest.lock\" > /dev/null\nif [ $? != 0 ] ; then\n    # print error to STDERR\n    echo \"error: The sandbox is not in sync with the Podfile.lock. Run 'pod install' or update your CocoaPods installation.\" >&2\n    exit 1\nfi\n# This output is used by Xcode 'outputs' to avoid re-running this script phase.\necho \"SUCCESS\" > \"${SCRIPT_OUTPUT_FILE_0}\"\n";
			showEnvVarsInLog = 0;
		};
		65DD8B4129AF3F7F00453418 /* Start Wiremock */ = {
			isa = PBXShellScriptBuildPhase;
			buildActionMask = 2147483647;
			files = (
			);
			inputFileListPaths = (
			);
			inputPaths = (
			);
			name = "Start Wiremock";
			outputFileListPaths = (
			);
			outputPaths = (
			);
			runOnlyForDeploymentPostprocessing = 0;
			shellPath = /bin/sh;
			shellScript = "cd PhotoListUITests/StubServer\n\n#open ./wireMockStart.command > /dev/null 2>&1 &\n\nWIREMOCK_PID=$(pgrep -f wiremock)\n\nif [ \"$WIREMOCK_PID\" ]\nthen\n    kill -9 $WIREMOCK_PID\nfi\n\njava -jar wiremock-jre8-standalone-2.33.2.jar --port 9090 > /dev/null 2>&1 &\n\nexit\n\n";
		};
		9499779B4707032350F54486 /* [CP] Check Pods Manifest.lock */ = {
			isa = PBXShellScriptBuildPhase;
			buildActionMask = 2147483647;
			files = (
			);
			inputFileListPaths = (
			);
			inputPaths = (
				"${PODS_PODFILE_DIR_PATH}/Podfile.lock",
				"${PODS_ROOT}/Manifest.lock",
			);
			name = "[CP] Check Pods Manifest.lock";
			outputFileListPaths = (
			);
			outputPaths = (
				"$(DERIVED_FILE_DIR)/Pods-PhotoListTests-checkManifestLockResult.txt",
			);
			runOnlyForDeploymentPostprocessing = 0;
			shellPath = /bin/sh;
			shellScript = "diff \"${PODS_PODFILE_DIR_PATH}/Podfile.lock\" \"${PODS_ROOT}/Manifest.lock\" > /dev/null\nif [ $? != 0 ] ; then\n    # print error to STDERR\n    echo \"error: The sandbox is not in sync with the Podfile.lock. Run 'pod install' or update your CocoaPods installation.\" >&2\n    exit 1\nfi\n# This output is used by Xcode 'outputs' to avoid re-running this script phase.\necho \"SUCCESS\" > \"${SCRIPT_OUTPUT_FILE_0}\"\n";
			showEnvVarsInLog = 0;
		};
/* End PBXShellScriptBuildPhase section */

/* Begin PBXSourcesBuildPhase section */
		6598622D29AC947200B5E594 /* Sources */ = {
			isa = PBXSourcesBuildPhase;
			buildActionMask = 2147483647;
			files = (
				6598628029ACD54300B5E594 /* PhotoTableViewCell.swift in Sources */,
				6598623929AC947200B5E594 /* PhotoListViewController.swift in Sources */,
				6598627629ACA2ED00B5E594 /* PhotoListViewModel.swift in Sources */,
				65F24CB029ADF3FA00E4257F /* PhotoListTableCellViewModel.swift in Sources */,
				6598623529AC947200B5E594 /* AppDelegate.swift in Sources */,
				65F24CB629ADFFE200E4257F /* DetailsViewModel.swift in Sources */,
				6598623729AC947200B5E594 /* SceneDelegate.swift in Sources */,
				65F24CB229ADF83600E4257F /* Observable.swift in Sources */,
				6598627B29ACC08700B5E594 /* PhotoModel.swift in Sources */,
				6598628B29ACEB2E00B5E594 /* RestClient.swift in Sources */,
				6598627829ACAE0D00B5E594 /* ConfigHelper.swift in Sources */,
				65F24CC129AE410E00E4257F /* Injection.swift in Sources */,
				65F24CB429ADFF9600E4257F /* DetailsViewController.swift in Sources */,
			);
			runOnlyForDeploymentPostprocessing = 0;
		};
		6598624329AC947400B5E594 /* Sources */ = {
			isa = PBXSourcesBuildPhase;
			buildActionMask = 2147483647;
			files = (
				65DD8B4029AF376200453418 /* PhotoListViewModelSpec.swift in Sources */,
				65F24CBF29AE324D00E4257F /* DetailsViewControllerSpec.swift in Sources */,
				6598624C29AC947400B5E594 /* PhotoModelSpec.swift in Sources */,
				65F24CC729AED39D00E4257F /* PhotoListTableCellViewModelSpec.swift in Sources */,
				65F24CC529AECE0A00E4257F /* DetailsViewModelSpec.swift in Sources */,
				65F24CC329AE594B00E4257F /* PhotoListViewControllerSpec.swift in Sources */,
			);
			runOnlyForDeploymentPostprocessing = 0;
		};
		6598624D29AC947400B5E594 /* Sources */ = {
			isa = PBXSourcesBuildPhase;
			buildActionMask = 2147483647;
			files = (
				6598625629AC947400B5E594 /* PhotoListUITests.swift in Sources */,
			);
			runOnlyForDeploymentPostprocessing = 0;
		};
/* End PBXSourcesBuildPhase section */

/* Begin PBXTargetDependency section */
		6598624929AC947400B5E594 /* PBXTargetDependency */ = {
			isa = PBXTargetDependency;
			target = 6598623029AC947200B5E594 /* PhotoList */;
			targetProxy = 6598624829AC947400B5E594 /* PBXContainerItemProxy */;
		};
		6598625329AC947400B5E594 /* PBXTargetDependency */ = {
			isa = PBXTargetDependency;
			target = 6598623029AC947200B5E594 /* PhotoList */;
			targetProxy = 6598625229AC947400B5E594 /* PBXContainerItemProxy */;
		};
/* End PBXTargetDependency section */

/* Begin PBXVariantGroup section */
		6598623A29AC947200B5E594 /* Main.storyboard */ = {
			isa = PBXVariantGroup;
			children = (
				6598623B29AC947200B5E594 /* Base */,
			);
			name = Main.storyboard;
			sourceTree = "<group>";
		};
		6598623F29AC947400B5E594 /* LaunchScreen.storyboard */ = {
			isa = PBXVariantGroup;
			children = (
				6598624029AC947400B5E594 /* Base */,
			);
			name = LaunchScreen.storyboard;
			sourceTree = "<group>";
		};
/* End PBXVariantGroup section */

/* Begin XCBuildConfiguration section */
		6598625929AC947400B5E594 /* Debug(Prod) */ = {
			isa = XCBuildConfiguration;
			baseConfigurationReference = 6598627929ACBAEB00B5E594 /* Prod.xcconfig */;
			buildSettings = {
				ALWAYS_SEARCH_USER_PATHS = NO;
				CLANG_ANALYZER_NONNULL = YES;
				CLANG_ANALYZER_NUMBER_OBJECT_CONVERSION = YES_AGGRESSIVE;
				CLANG_CXX_LANGUAGE_STANDARD = "gnu++20";
				CLANG_ENABLE_MODULES = YES;
				CLANG_ENABLE_OBJC_ARC = YES;
				CLANG_ENABLE_OBJC_WEAK = YES;
				CLANG_WARN_BLOCK_CAPTURE_AUTORELEASING = YES;
				CLANG_WARN_BOOL_CONVERSION = YES;
				CLANG_WARN_COMMA = YES;
				CLANG_WARN_CONSTANT_CONVERSION = YES;
				CLANG_WARN_DEPRECATED_OBJC_IMPLEMENTATIONS = YES;
				CLANG_WARN_DIRECT_OBJC_ISA_USAGE = YES_ERROR;
				CLANG_WARN_DOCUMENTATION_COMMENTS = YES;
				CLANG_WARN_EMPTY_BODY = YES;
				CLANG_WARN_ENUM_CONVERSION = YES;
				CLANG_WARN_INFINITE_RECURSION = YES;
				CLANG_WARN_INT_CONVERSION = YES;
				CLANG_WARN_NON_LITERAL_NULL_CONVERSION = YES;
				CLANG_WARN_OBJC_IMPLICIT_RETAIN_SELF = YES;
				CLANG_WARN_OBJC_LITERAL_CONVERSION = YES;
				CLANG_WARN_OBJC_ROOT_CLASS = YES_ERROR;
				CLANG_WARN_QUOTED_INCLUDE_IN_FRAMEWORK_HEADER = YES;
				CLANG_WARN_RANGE_LOOP_ANALYSIS = YES;
				CLANG_WARN_STRICT_PROTOTYPES = YES;
				CLANG_WARN_SUSPICIOUS_MOVE = YES;
				CLANG_WARN_UNGUARDED_AVAILABILITY = YES_AGGRESSIVE;
				CLANG_WARN_UNREACHABLE_CODE = YES;
				CLANG_WARN__DUPLICATE_METHOD_MATCH = YES;
				COPY_PHASE_STRIP = NO;
				DEBUG_INFORMATION_FORMAT = dwarf;
				ENABLE_STRICT_OBJC_MSGSEND = YES;
				ENABLE_TESTABILITY = YES;
				GCC_C_LANGUAGE_STANDARD = gnu11;
				GCC_DYNAMIC_NO_PIC = NO;
				GCC_NO_COMMON_BLOCKS = YES;
				GCC_OPTIMIZATION_LEVEL = 0;
				GCC_PREPROCESSOR_DEFINITIONS = (
					"DEBUG=1",
					"$(inherited)",
				);
				GCC_WARN_64_TO_32_BIT_CONVERSION = YES;
				GCC_WARN_ABOUT_RETURN_TYPE = YES_ERROR;
				GCC_WARN_UNDECLARED_SELECTOR = YES;
				GCC_WARN_UNINITIALIZED_AUTOS = YES_AGGRESSIVE;
				GCC_WARN_UNUSED_FUNCTION = YES;
				GCC_WARN_UNUSED_VARIABLE = YES;
				IPHONEOS_DEPLOYMENT_TARGET = 13.0;
				MTL_ENABLE_DEBUG_INFO = INCLUDE_SOURCE;
				MTL_FAST_MATH = YES;
				ONLY_ACTIVE_ARCH = YES;
				SDKROOT = iphoneos;
				SWIFT_ACTIVE_COMPILATION_CONDITIONS = DEBUG;
				SWIFT_OPTIMIZATION_LEVEL = "-Onone";
			};
			name = "Debug(Prod)";
		};
		6598625A29AC947400B5E594 /* Release(Prod) */ = {
			isa = XCBuildConfiguration;
			baseConfigurationReference = 6598627929ACBAEB00B5E594 /* Prod.xcconfig */;
			buildSettings = {
				ALWAYS_SEARCH_USER_PATHS = NO;
				CLANG_ANALYZER_NONNULL = YES;
				CLANG_ANALYZER_NUMBER_OBJECT_CONVERSION = YES_AGGRESSIVE;
				CLANG_CXX_LANGUAGE_STANDARD = "gnu++20";
				CLANG_ENABLE_MODULES = YES;
				CLANG_ENABLE_OBJC_ARC = YES;
				CLANG_ENABLE_OBJC_WEAK = YES;
				CLANG_WARN_BLOCK_CAPTURE_AUTORELEASING = YES;
				CLANG_WARN_BOOL_CONVERSION = YES;
				CLANG_WARN_COMMA = YES;
				CLANG_WARN_CONSTANT_CONVERSION = YES;
				CLANG_WARN_DEPRECATED_OBJC_IMPLEMENTATIONS = YES;
				CLANG_WARN_DIRECT_OBJC_ISA_USAGE = YES_ERROR;
				CLANG_WARN_DOCUMENTATION_COMMENTS = YES;
				CLANG_WARN_EMPTY_BODY = YES;
				CLANG_WARN_ENUM_CONVERSION = YES;
				CLANG_WARN_INFINITE_RECURSION = YES;
				CLANG_WARN_INT_CONVERSION = YES;
				CLANG_WARN_NON_LITERAL_NULL_CONVERSION = YES;
				CLANG_WARN_OBJC_IMPLICIT_RETAIN_SELF = YES;
				CLANG_WARN_OBJC_LITERAL_CONVERSION = YES;
				CLANG_WARN_OBJC_ROOT_CLASS = YES_ERROR;
				CLANG_WARN_QUOTED_INCLUDE_IN_FRAMEWORK_HEADER = YES;
				CLANG_WARN_RANGE_LOOP_ANALYSIS = YES;
				CLANG_WARN_STRICT_PROTOTYPES = YES;
				CLANG_WARN_SUSPICIOUS_MOVE = YES;
				CLANG_WARN_UNGUARDED_AVAILABILITY = YES_AGGRESSIVE;
				CLANG_WARN_UNREACHABLE_CODE = YES;
				CLANG_WARN__DUPLICATE_METHOD_MATCH = YES;
				COPY_PHASE_STRIP = NO;
				DEBUG_INFORMATION_FORMAT = "dwarf-with-dsym";
				ENABLE_NS_ASSERTIONS = NO;
				ENABLE_STRICT_OBJC_MSGSEND = YES;
				GCC_C_LANGUAGE_STANDARD = gnu11;
				GCC_NO_COMMON_BLOCKS = YES;
				GCC_WARN_64_TO_32_BIT_CONVERSION = YES;
				GCC_WARN_ABOUT_RETURN_TYPE = YES_ERROR;
				GCC_WARN_UNDECLARED_SELECTOR = YES;
				GCC_WARN_UNINITIALIZED_AUTOS = YES_AGGRESSIVE;
				GCC_WARN_UNUSED_FUNCTION = YES;
				GCC_WARN_UNUSED_VARIABLE = YES;
				IPHONEOS_DEPLOYMENT_TARGET = 13.0;
				MTL_ENABLE_DEBUG_INFO = NO;
				MTL_FAST_MATH = YES;
				SDKROOT = iphoneos;
				SWIFT_COMPILATION_MODE = wholemodule;
				SWIFT_OPTIMIZATION_LEVEL = "-O";
				VALIDATE_PRODUCT = YES;
			};
			name = "Release(Prod)";
		};
		6598625C29AC947400B5E594 /* Debug(Prod) */ = {
			isa = XCBuildConfiguration;
			baseConfigurationReference = 8D2512112D8740A2883E5BDB /* Pods-PhotoList.debug(prod).xcconfig */;
			buildSettings = {
				ASSETCATALOG_COMPILER_APPICON_NAME = AppIcon;
				ASSETCATALOG_COMPILER_GLOBAL_ACCENT_COLOR_NAME = AccentColor;
				CODE_SIGN_STYLE = Automatic;
				CURRENT_PROJECT_VERSION = 1;
				GENERATE_INFOPLIST_FILE = YES;
				INFOPLIST_FILE = PhotoList/Info.plist;
				INFOPLIST_KEY_UIApplicationSupportsIndirectInputEvents = YES;
				INFOPLIST_KEY_UILaunchStoryboardName = LaunchScreen;
				INFOPLIST_KEY_UIMainStoryboardFile = Main;
				INFOPLIST_KEY_UISupportedInterfaceOrientations_iPad = "UIInterfaceOrientationPortrait UIInterfaceOrientationPortraitUpsideDown UIInterfaceOrientationLandscapeLeft UIInterfaceOrientationLandscapeRight";
				INFOPLIST_KEY_UISupportedInterfaceOrientations_iPhone = "UIInterfaceOrientationPortrait UIInterfaceOrientationLandscapeLeft UIInterfaceOrientationLandscapeRight";
				IPHONEOS_DEPLOYMENT_TARGET = 13.0;
				LD_RUNPATH_SEARCH_PATHS = (
					"$(inherited)",
					"@executable_path/Frameworks",
				);
				MARKETING_VERSION = 1.0;
				PRODUCT_BUNDLE_IDENTIFIER = com.venkat.PhotoList;
				PRODUCT_NAME = "$(TARGET_NAME)";
				SWIFT_EMIT_LOC_STRINGS = YES;
				SWIFT_VERSION = 5.0;
				TARGETED_DEVICE_FAMILY = "1,2";
				base_url = "https:\\/\\/jsonplaceholder.typicode.com/";
			};
			name = "Debug(Prod)";
		};
		6598625D29AC947400B5E594 /* Release(Prod) */ = {
			isa = XCBuildConfiguration;
			baseConfigurationReference = 6598627929ACBAEB00B5E594 /* Prod.xcconfig */;
			buildSettings = {
				ASSETCATALOG_COMPILER_APPICON_NAME = AppIcon;
				ASSETCATALOG_COMPILER_GLOBAL_ACCENT_COLOR_NAME = AccentColor;
				CODE_SIGN_STYLE = Automatic;
				CURRENT_PROJECT_VERSION = 1;
				GENERATE_INFOPLIST_FILE = YES;
				INFOPLIST_FILE = PhotoList/Info.plist;
				INFOPLIST_KEY_UIApplicationSupportsIndirectInputEvents = YES;
				INFOPLIST_KEY_UILaunchStoryboardName = LaunchScreen;
				INFOPLIST_KEY_UIMainStoryboardFile = Main;
				INFOPLIST_KEY_UISupportedInterfaceOrientations_iPad = "UIInterfaceOrientationPortrait UIInterfaceOrientationPortraitUpsideDown UIInterfaceOrientationLandscapeLeft UIInterfaceOrientationLandscapeRight";
				INFOPLIST_KEY_UISupportedInterfaceOrientations_iPhone = "UIInterfaceOrientationPortrait UIInterfaceOrientationLandscapeLeft UIInterfaceOrientationLandscapeRight";
				IPHONEOS_DEPLOYMENT_TARGET = 13.0;
				LD_RUNPATH_SEARCH_PATHS = (
					"$(inherited)",
					"@executable_path/Frameworks",
				);
				MARKETING_VERSION = 1.0;
				PRODUCT_BUNDLE_IDENTIFIER = com.venkat.PhotoList;
				PRODUCT_NAME = "$(TARGET_NAME)";
				SWIFT_EMIT_LOC_STRINGS = YES;
				SWIFT_VERSION = 5.0;
				TARGETED_DEVICE_FAMILY = "1,2";
				base_url = "https:\\/\\/jsonplaceholder.typicode.com/";
			};
			name = "Release(Prod)";
		};
		6598625F29AC947400B5E594 /* Debug(Prod) */ = {
			isa = XCBuildConfiguration;
			baseConfigurationReference = F2C04FA301F4978AFB2313AA /* Pods-PhotoListTests.debug(prod).xcconfig */;
			buildSettings = {
				ALWAYS_EMBED_SWIFT_STANDARD_LIBRARIES = YES;
				BUNDLE_LOADER = "$(TEST_HOST)";
				CODE_SIGN_STYLE = Automatic;
				CURRENT_PROJECT_VERSION = 1;
				GENERATE_INFOPLIST_FILE = YES;
				IPHONEOS_DEPLOYMENT_TARGET = 13.0;
				MARKETING_VERSION = 1.0;
				PRODUCT_BUNDLE_IDENTIFIER = com.venkat.PhotoListTests;
				PRODUCT_NAME = "$(TARGET_NAME)";
				SWIFT_EMIT_LOC_STRINGS = NO;
				SWIFT_VERSION = 5.0;
				TARGETED_DEVICE_FAMILY = "1,2";
				TEST_HOST = "$(BUILT_PRODUCTS_DIR)/PhotoList.app/$(BUNDLE_EXECUTABLE_FOLDER_PATH)/PhotoList";
			};
			name = "Debug(Prod)";
		};
		6598626029AC947400B5E594 /* Release(Prod) */ = {
			isa = XCBuildConfiguration;
			baseConfigurationReference = 6598627929ACBAEB00B5E594 /* Prod.xcconfig */;
			buildSettings = {
				ALWAYS_EMBED_SWIFT_STANDARD_LIBRARIES = YES;
				BUNDLE_LOADER = "$(TEST_HOST)";
				CODE_SIGN_STYLE = Automatic;
				CURRENT_PROJECT_VERSION = 1;
				GENERATE_INFOPLIST_FILE = YES;
				IPHONEOS_DEPLOYMENT_TARGET = 13.0;
				MARKETING_VERSION = 1.0;
				PRODUCT_BUNDLE_IDENTIFIER = com.venkat.PhotoListTests;
				PRODUCT_NAME = "$(TARGET_NAME)";
				SWIFT_EMIT_LOC_STRINGS = NO;
				SWIFT_VERSION = 5.0;
				TARGETED_DEVICE_FAMILY = "1,2";
				TEST_HOST = "$(BUILT_PRODUCTS_DIR)/PhotoList.app/$(BUNDLE_EXECUTABLE_FOLDER_PATH)/PhotoList";
			};
			name = "Release(Prod)";
		};
		6598626229AC947400B5E594 /* Debug(Prod) */ = {
			isa = XCBuildConfiguration;
			baseConfigurationReference = 2A632C9385B3333D78437FBE /* Pods-PhotoList-PhotoListUITests.debug(prod).xcconfig */;
			buildSettings = {
				ALWAYS_EMBED_SWIFT_STANDARD_LIBRARIES = YES;
				CODE_SIGN_STYLE = Automatic;
				CURRENT_PROJECT_VERSION = 1;
				GENERATE_INFOPLIST_FILE = YES;
				MARKETING_VERSION = 1.0;
				PRODUCT_BUNDLE_IDENTIFIER = com.venkat.PhotoListUITests;
				PRODUCT_NAME = "$(TARGET_NAME)";
				SWIFT_EMIT_LOC_STRINGS = NO;
				SWIFT_VERSION = 5.0;
				TARGETED_DEVICE_FAMILY = "1,2";
				TEST_TARGET_NAME = PhotoList;
			};
			name = "Debug(Prod)";
		};
		6598626329AC947400B5E594 /* Release(Prod) */ = {
			isa = XCBuildConfiguration;
			baseConfigurationReference = 6598627929ACBAEB00B5E594 /* Prod.xcconfig */;
			buildSettings = {
				ALWAYS_EMBED_SWIFT_STANDARD_LIBRARIES = YES;
				CODE_SIGN_STYLE = Automatic;
				CURRENT_PROJECT_VERSION = 1;
				GENERATE_INFOPLIST_FILE = YES;
				MARKETING_VERSION = 1.0;
				PRODUCT_BUNDLE_IDENTIFIER = com.venkat.PhotoListUITests;
				PRODUCT_NAME = "$(TARGET_NAME)";
				SWIFT_EMIT_LOC_STRINGS = NO;
				SWIFT_VERSION = 5.0;
				TARGETED_DEVICE_FAMILY = "1,2";
				TEST_TARGET_NAME = PhotoList;
			};
			name = "Release(Prod)";
		};
		6598628229ACDC3C00B5E594 /* Debug(Local) */ = {
			isa = XCBuildConfiguration;
			baseConfigurationReference = 622653AC631C4CAE810A9BF5 /* Pods-PhotoList.debug(local).xcconfig */;
			buildSettings = {
				ALWAYS_SEARCH_USER_PATHS = NO;
				CLANG_ANALYZER_NONNULL = YES;
				CLANG_ANALYZER_NUMBER_OBJECT_CONVERSION = YES_AGGRESSIVE;
				CLANG_CXX_LANGUAGE_STANDARD = "gnu++20";
				CLANG_ENABLE_MODULES = YES;
				CLANG_ENABLE_OBJC_ARC = YES;
				CLANG_ENABLE_OBJC_WEAK = YES;
				CLANG_WARN_BLOCK_CAPTURE_AUTORELEASING = YES;
				CLANG_WARN_BOOL_CONVERSION = YES;
				CLANG_WARN_COMMA = YES;
				CLANG_WARN_CONSTANT_CONVERSION = YES;
				CLANG_WARN_DEPRECATED_OBJC_IMPLEMENTATIONS = YES;
				CLANG_WARN_DIRECT_OBJC_ISA_USAGE = YES_ERROR;
				CLANG_WARN_DOCUMENTATION_COMMENTS = YES;
				CLANG_WARN_EMPTY_BODY = YES;
				CLANG_WARN_ENUM_CONVERSION = YES;
				CLANG_WARN_INFINITE_RECURSION = YES;
				CLANG_WARN_INT_CONVERSION = YES;
				CLANG_WARN_NON_LITERAL_NULL_CONVERSION = YES;
				CLANG_WARN_OBJC_IMPLICIT_RETAIN_SELF = YES;
				CLANG_WARN_OBJC_LITERAL_CONVERSION = YES;
				CLANG_WARN_OBJC_ROOT_CLASS = YES_ERROR;
				CLANG_WARN_QUOTED_INCLUDE_IN_FRAMEWORK_HEADER = YES;
				CLANG_WARN_RANGE_LOOP_ANALYSIS = YES;
				CLANG_WARN_STRICT_PROTOTYPES = YES;
				CLANG_WARN_SUSPICIOUS_MOVE = YES;
				CLANG_WARN_UNGUARDED_AVAILABILITY = YES_AGGRESSIVE;
				CLANG_WARN_UNREACHABLE_CODE = YES;
				CLANG_WARN__DUPLICATE_METHOD_MATCH = YES;
				COPY_PHASE_STRIP = NO;
				DEBUG_INFORMATION_FORMAT = dwarf;
				ENABLE_STRICT_OBJC_MSGSEND = YES;
				ENABLE_TESTABILITY = YES;
				GCC_C_LANGUAGE_STANDARD = gnu11;
				GCC_DYNAMIC_NO_PIC = NO;
				GCC_NO_COMMON_BLOCKS = YES;
				GCC_OPTIMIZATION_LEVEL = 0;
				GCC_PREPROCESSOR_DEFINITIONS = (
					"DEBUG=1",
					"$(inherited)",
				);
				GCC_WARN_64_TO_32_BIT_CONVERSION = YES;
				GCC_WARN_ABOUT_RETURN_TYPE = YES_ERROR;
				GCC_WARN_UNDECLARED_SELECTOR = YES;
				GCC_WARN_UNINITIALIZED_AUTOS = YES_AGGRESSIVE;
				GCC_WARN_UNUSED_FUNCTION = YES;
				GCC_WARN_UNUSED_VARIABLE = YES;
				IPHONEOS_DEPLOYMENT_TARGET = 13.0;
				MTL_ENABLE_DEBUG_INFO = INCLUDE_SOURCE;
				MTL_FAST_MATH = YES;
				ONLY_ACTIVE_ARCH = YES;
				SDKROOT = iphoneos;
				SWIFT_ACTIVE_COMPILATION_CONDITIONS = DEBUG;
				SWIFT_OPTIMIZATION_LEVEL = "-Onone";
			};
			name = "Debug(Local)";
		};
		6598628329ACDC3C00B5E594 /* Debug(Local) */ = {
			isa = XCBuildConfiguration;
			baseConfigurationReference = 622653AC631C4CAE810A9BF5 /* Pods-PhotoList.debug(local).xcconfig */;
			buildSettings = {
				ASSETCATALOG_COMPILER_APPICON_NAME = AppIcon;
				ASSETCATALOG_COMPILER_GLOBAL_ACCENT_COLOR_NAME = AccentColor;
				CODE_SIGN_STYLE = Automatic;
				CURRENT_PROJECT_VERSION = 1;
				GENERATE_INFOPLIST_FILE = YES;
				INFOPLIST_FILE = PhotoList/Info.plist;
				INFOPLIST_KEY_UIApplicationSupportsIndirectInputEvents = YES;
				INFOPLIST_KEY_UILaunchStoryboardName = LaunchScreen;
				INFOPLIST_KEY_UIMainStoryboardFile = Main;
				INFOPLIST_KEY_UISupportedInterfaceOrientations_iPad = "UIInterfaceOrientationPortrait UIInterfaceOrientationPortraitUpsideDown UIInterfaceOrientationLandscapeLeft UIInterfaceOrientationLandscapeRight";
				INFOPLIST_KEY_UISupportedInterfaceOrientations_iPhone = "UIInterfaceOrientationPortrait UIInterfaceOrientationLandscapeLeft UIInterfaceOrientationLandscapeRight";
				IPHONEOS_DEPLOYMENT_TARGET = 13.0;
				LD_RUNPATH_SEARCH_PATHS = (
					"$(inherited)",
					"@executable_path/Frameworks",
				);
				MARKETING_VERSION = 1.0;
				PRODUCT_BUNDLE_IDENTIFIER = com.venkat.PhotoList;
				PRODUCT_NAME = "$(TARGET_NAME)";
				SWIFT_EMIT_LOC_STRINGS = YES;
				SWIFT_VERSION = 5.0;
				TARGETED_DEVICE_FAMILY = "1,2";
				base_url = "http:\\/\\/127.0.0.1:9090/";
			};
			name = "Debug(Local)";
		};
		6598628429ACDC3C00B5E594 /* Debug(Local) */ = {
			isa = XCBuildConfiguration;
			baseConfigurationReference = 0FC234AFC4ECF554A0492754 /* Pods-PhotoListTests.debug(local).xcconfig */;
			buildSettings = {
				ALWAYS_EMBED_SWIFT_STANDARD_LIBRARIES = YES;
				BUNDLE_LOADER = "$(TEST_HOST)";
				CODE_SIGN_STYLE = Automatic;
				CURRENT_PROJECT_VERSION = 1;
				GENERATE_INFOPLIST_FILE = YES;
				IPHONEOS_DEPLOYMENT_TARGET = 13.0;
				MARKETING_VERSION = 1.0;
				PRODUCT_BUNDLE_IDENTIFIER = com.venkat.PhotoListTests;
				PRODUCT_NAME = "$(TARGET_NAME)";
				SWIFT_EMIT_LOC_STRINGS = NO;
				SWIFT_VERSION = 5.0;
				TARGETED_DEVICE_FAMILY = "1,2";
				TEST_HOST = "$(BUILT_PRODUCTS_DIR)/PhotoList.app/$(BUNDLE_EXECUTABLE_FOLDER_PATH)/PhotoList";
				base_url = "http:\\/\\/127.0.0.1:9090/";
			};
			name = "Debug(Local)";
		};
		6598628529ACDC3C00B5E594 /* Debug(Local) */ = {
			isa = XCBuildConfiguration;
			baseConfigurationReference = E98D2FA8BDBCACB5416578AB /* Pods-PhotoList-PhotoListUITests.debug(local).xcconfig */;
			buildSettings = {
				ALWAYS_EMBED_SWIFT_STANDARD_LIBRARIES = YES;
				CODE_SIGN_STYLE = Automatic;
				CURRENT_PROJECT_VERSION = 1;
				GENERATE_INFOPLIST_FILE = YES;
				MARKETING_VERSION = 1.0;
				PRODUCT_BUNDLE_IDENTIFIER = com.venkat.PhotoListUITests;
				PRODUCT_NAME = "$(TARGET_NAME)";
				SWIFT_EMIT_LOC_STRINGS = NO;
				SWIFT_VERSION = 5.0;
				TARGETED_DEVICE_FAMILY = "1,2";
				TEST_TARGET_NAME = PhotoList;
				base_url = "http:\\/\\/127.0.0.1:9090/";
			};
			name = "Debug(Local)";
		};
		6598628629ACDC7600B5E594 /* Release(Local) */ = {
			isa = XCBuildConfiguration;
			baseConfigurationReference = 6598627C29ACCB0700B5E594 /* Local.xcconfig */;
			buildSettings = {
				ALWAYS_SEARCH_USER_PATHS = NO;
				CLANG_ANALYZER_NONNULL = YES;
				CLANG_ANALYZER_NUMBER_OBJECT_CONVERSION = YES_AGGRESSIVE;
				CLANG_CXX_LANGUAGE_STANDARD = "gnu++20";
				CLANG_ENABLE_MODULES = YES;
				CLANG_ENABLE_OBJC_ARC = YES;
				CLANG_ENABLE_OBJC_WEAK = YES;
				CLANG_WARN_BLOCK_CAPTURE_AUTORELEASING = YES;
				CLANG_WARN_BOOL_CONVERSION = YES;
				CLANG_WARN_COMMA = YES;
				CLANG_WARN_CONSTANT_CONVERSION = YES;
				CLANG_WARN_DEPRECATED_OBJC_IMPLEMENTATIONS = YES;
				CLANG_WARN_DIRECT_OBJC_ISA_USAGE = YES_ERROR;
				CLANG_WARN_DOCUMENTATION_COMMENTS = YES;
				CLANG_WARN_EMPTY_BODY = YES;
				CLANG_WARN_ENUM_CONVERSION = YES;
				CLANG_WARN_INFINITE_RECURSION = YES;
				CLANG_WARN_INT_CONVERSION = YES;
				CLANG_WARN_NON_LITERAL_NULL_CONVERSION = YES;
				CLANG_WARN_OBJC_IMPLICIT_RETAIN_SELF = YES;
				CLANG_WARN_OBJC_LITERAL_CONVERSION = YES;
				CLANG_WARN_OBJC_ROOT_CLASS = YES_ERROR;
				CLANG_WARN_QUOTED_INCLUDE_IN_FRAMEWORK_HEADER = YES;
				CLANG_WARN_RANGE_LOOP_ANALYSIS = YES;
				CLANG_WARN_STRICT_PROTOTYPES = YES;
				CLANG_WARN_SUSPICIOUS_MOVE = YES;
				CLANG_WARN_UNGUARDED_AVAILABILITY = YES_AGGRESSIVE;
				CLANG_WARN_UNREACHABLE_CODE = YES;
				CLANG_WARN__DUPLICATE_METHOD_MATCH = YES;
				COPY_PHASE_STRIP = NO;
				DEBUG_INFORMATION_FORMAT = "dwarf-with-dsym";
				ENABLE_NS_ASSERTIONS = NO;
				ENABLE_STRICT_OBJC_MSGSEND = YES;
				GCC_C_LANGUAGE_STANDARD = gnu11;
				GCC_NO_COMMON_BLOCKS = YES;
				GCC_WARN_64_TO_32_BIT_CONVERSION = YES;
				GCC_WARN_ABOUT_RETURN_TYPE = YES_ERROR;
				GCC_WARN_UNDECLARED_SELECTOR = YES;
				GCC_WARN_UNINITIALIZED_AUTOS = YES_AGGRESSIVE;
				GCC_WARN_UNUSED_FUNCTION = YES;
				GCC_WARN_UNUSED_VARIABLE = YES;
				IPHONEOS_DEPLOYMENT_TARGET = 13.0;
				MTL_ENABLE_DEBUG_INFO = NO;
				MTL_FAST_MATH = YES;
				SDKROOT = iphoneos;
				SWIFT_COMPILATION_MODE = wholemodule;
				SWIFT_OPTIMIZATION_LEVEL = "-O";
				VALIDATE_PRODUCT = YES;
			};
			name = "Release(Local)";
		};
		6598628729ACDC7600B5E594 /* Release(Local) */ = {
			isa = XCBuildConfiguration;
			baseConfigurationReference = 6598627C29ACCB0700B5E594 /* Local.xcconfig */;
			buildSettings = {
				ASSETCATALOG_COMPILER_APPICON_NAME = AppIcon;
				ASSETCATALOG_COMPILER_GLOBAL_ACCENT_COLOR_NAME = AccentColor;
				CODE_SIGN_STYLE = Automatic;
				CURRENT_PROJECT_VERSION = 1;
				GENERATE_INFOPLIST_FILE = YES;
				INFOPLIST_FILE = PhotoList/Info.plist;
				INFOPLIST_KEY_UIApplicationSupportsIndirectInputEvents = YES;
				INFOPLIST_KEY_UILaunchStoryboardName = LaunchScreen;
				INFOPLIST_KEY_UIMainStoryboardFile = Main;
				INFOPLIST_KEY_UISupportedInterfaceOrientations_iPad = "UIInterfaceOrientationPortrait UIInterfaceOrientationPortraitUpsideDown UIInterfaceOrientationLandscapeLeft UIInterfaceOrientationLandscapeRight";
				INFOPLIST_KEY_UISupportedInterfaceOrientations_iPhone = "UIInterfaceOrientationPortrait UIInterfaceOrientationLandscapeLeft UIInterfaceOrientationLandscapeRight";
				IPHONEOS_DEPLOYMENT_TARGET = 13.0;
				LD_RUNPATH_SEARCH_PATHS = (
					"$(inherited)",
					"@executable_path/Frameworks",
				);
				MARKETING_VERSION = 1.0;
				PRODUCT_BUNDLE_IDENTIFIER = com.venkat.PhotoList;
				PRODUCT_NAME = "$(TARGET_NAME)";
				SWIFT_EMIT_LOC_STRINGS = YES;
				SWIFT_VERSION = 5.0;
				TARGETED_DEVICE_FAMILY = "1,2";
				base_url = "http:\\/\\/127.0.0.1:9090/";
			};
			name = "Release(Local)";
		};
		6598628829ACDC7600B5E594 /* Release(Local) */ = {
			isa = XCBuildConfiguration;
			baseConfigurationReference = 6598627C29ACCB0700B5E594 /* Local.xcconfig */;
			buildSettings = {
				ALWAYS_EMBED_SWIFT_STANDARD_LIBRARIES = YES;
				BUNDLE_LOADER = "$(TEST_HOST)";
				CODE_SIGN_STYLE = Automatic;
				CURRENT_PROJECT_VERSION = 1;
				GENERATE_INFOPLIST_FILE = YES;
				IPHONEOS_DEPLOYMENT_TARGET = 13.0;
				MARKETING_VERSION = 1.0;
				PRODUCT_BUNDLE_IDENTIFIER = com.venkat.PhotoListTests;
				PRODUCT_NAME = "$(TARGET_NAME)";
				SWIFT_EMIT_LOC_STRINGS = NO;
				SWIFT_VERSION = 5.0;
				TARGETED_DEVICE_FAMILY = "1,2";
				TEST_HOST = "$(BUILT_PRODUCTS_DIR)/PhotoList.app/$(BUNDLE_EXECUTABLE_FOLDER_PATH)/PhotoList";
			};
			name = "Release(Local)";
		};
		6598628929ACDC7600B5E594 /* Release(Local) */ = {
			isa = XCBuildConfiguration;
			baseConfigurationReference = 6598627C29ACCB0700B5E594 /* Local.xcconfig */;
			buildSettings = {
				ALWAYS_EMBED_SWIFT_STANDARD_LIBRARIES = YES;
				CODE_SIGN_STYLE = Automatic;
				CURRENT_PROJECT_VERSION = 1;
				GENERATE_INFOPLIST_FILE = YES;
				MARKETING_VERSION = 1.0;
				PRODUCT_BUNDLE_IDENTIFIER = com.venkat.PhotoListUITests;
				PRODUCT_NAME = "$(TARGET_NAME)";
				SWIFT_EMIT_LOC_STRINGS = NO;
				SWIFT_VERSION = 5.0;
				TARGETED_DEVICE_FAMILY = "1,2";
				TEST_TARGET_NAME = PhotoList;
			};
			name = "Release(Local)";
		};
/* End XCBuildConfiguration section */

/* Begin XCConfigurationList section */
		6598622C29AC947200B5E594 /* Build configuration list for PBXProject "PhotoList" */ = {
			isa = XCConfigurationList;
			buildConfigurations = (
				6598625929AC947400B5E594 /* Debug(Prod) */,
				6598628229ACDC3C00B5E594 /* Debug(Local) */,
				6598625A29AC947400B5E594 /* Release(Prod) */,
				6598628629ACDC7600B5E594 /* Release(Local) */,
			);
			defaultConfigurationIsVisible = 0;
			defaultConfigurationName = "Release(Prod)";
		};
		6598625B29AC947400B5E594 /* Build configuration list for PBXNativeTarget "PhotoList" */ = {
			isa = XCConfigurationList;
			buildConfigurations = (
				6598625C29AC947400B5E594 /* Debug(Prod) */,
				6598628329ACDC3C00B5E594 /* Debug(Local) */,
				6598625D29AC947400B5E594 /* Release(Prod) */,
				6598628729ACDC7600B5E594 /* Release(Local) */,
			);
			defaultConfigurationIsVisible = 0;
			defaultConfigurationName = "Release(Prod)";
		};
		6598625E29AC947400B5E594 /* Build configuration list for PBXNativeTarget "PhotoListTests" */ = {
			isa = XCConfigurationList;
			buildConfigurations = (
				6598625F29AC947400B5E594 /* Debug(Prod) */,
				6598628429ACDC3C00B5E594 /* Debug(Local) */,
				6598626029AC947400B5E594 /* Release(Prod) */,
				6598628829ACDC7600B5E594 /* Release(Local) */,
			);
			defaultConfigurationIsVisible = 0;
			defaultConfigurationName = "Release(Prod)";
		};
		6598626129AC947400B5E594 /* Build configuration list for PBXNativeTarget "PhotoListUITests" */ = {
			isa = XCConfigurationList;
			buildConfigurations = (
				6598626229AC947400B5E594 /* Debug(Prod) */,
				6598628529ACDC3C00B5E594 /* Debug(Local) */,
				6598626329AC947400B5E594 /* Release(Prod) */,
				6598628929ACDC7600B5E594 /* Release(Local) */,
			);
			defaultConfigurationIsVisible = 0;
			defaultConfigurationName = "Release(Prod)";
		};
/* End XCConfigurationList section */
	};
	rootObject = 6598622929AC947200B5E594 /* Project object */;
}
